
Microsoft Visual Studio Solution File, Format Version 12.00
# Visual Studio Version 16
VisualStudioVersion = 16.0.31313.79
MinimumVisualStudioVersion = 10.0.40219.1
Project("{FAE04EC0-301F-11D3-BF4B-00C04F79EFBC}") = "0_Framework", "0_Framework\0_Framework.csproj", "{6F827B17-96BC-4888-849A-ADD999BAF083}"
EndProject
Project("{FAE04EC0-301F-11D3-BF4B-00C04F79EFBC}") = "ServiceHost", "ServiceHost\ServiceHost.csproj", "{C0DDE3C1-049E-404C-8E72-327A8E237BF0}"
EndProject
Global
	GlobalSection(SolutionConfigurationPlatforms) = preSolution
		Debug|Any CPU = Debug|Any CPU
		Release|Any CPU = Release|Any CPU
	EndGlobalSection
	GlobalSection(ProjectConfigurationPlatforms) = postSolution
		{6F827B17-96BC-4888-849A-ADD999BAF083}.Debug|Any CPU.ActiveCfg = Debug|Any CPU
		{6F827B17-96BC-4888-849A-ADD999BAF083}.Debug|Any CPU.Build.0 = Debug|Any CPU
		{6F827B17-96BC-4888-849A-ADD999BAF083}.Release|Any CPU.ActiveCfg = Release|Any CPU
		{6F827B17-96BC-4888-849A-ADD999BAF083}.Release|Any CPU.Build.0 = Release|Any CPU
		{C0DDE3C1-049E-404C-8E72-327A8E237BF0}.Debug|Any CPU.ActiveCfg = Debug|Any CPU
		{C0DDE3C1-049E-404C-8E72-327A8E237BF0}.Debug|Any CPU.Build.0 = Debug|Any CPU
		{C0DDE3C1-049E-404C-8E72-327A8E237BF0}.Release|Any CPU.ActiveCfg = Release|Any CPU
		{C0DDE3C1-049E-404C-8E72-327A8E237BF0}.Release|Any CPU.Build.0 = Release|Any CPU
	EndGlobalSection
	GlobalSection(SolutionProperties) = preSolution
		HideSolutionNode = FALSE
	EndGlobalSection
	GlobalSection(ExtensibilityGlobals) = postSolution
		SolutionGuid = {124DEFB1-D758-4743-AF6C-13CC04A69394}
	EndGlobalSection
EndGlobal
