
Microsoft Visual Studio Solution File, Format Version 12.00
# Visual Studio Version 16
VisualStudioVersion = 16.0.31313.79
MinimumVisualStudioVersion = 10.0.40219.1
Project("{9A19103F-16F7-4668-BE54-9A1E7A4F7556}") = "0_Framework", "0_Framework\0_Framework.csproj", "{6F827B17-96BC-4888-849A-ADD999BAF083}"
EndProject
Project("{9A19103F-16F7-4668-BE54-9A1E7A4F7556}") = "ServiceHost", "ServiceHost\ServiceHost.csproj", "{C0DDE3C1-049E-404C-8E72-327A8E237BF0}"
EndProject
Project("{2150E333-8FDC-42A3-9474-1A3956D46DE8}") = "BlogManagement", "BlogManagement", "{E4426889-2BAD-42BB-9EE8-B983C9303EB8}"
EndProject
Project("{2150E333-8FDC-42A3-9474-1A3956D46DE8}") = "BM.Domain", "BM.Domain", "{B0E82897-AE50-49FE-9D41-D924F967BB4C}"
EndProject
Project("{9A19103F-16F7-4668-BE54-9A1E7A4F7556}") = "BlogManagement.Domain", "BlogManagement.Domain\BlogManagement.Domain.csproj", "{44CC2187-40B8-4141-B1EA-E01FAAD0D050}"
EndProject
Project("{2150E333-8FDC-42A3-9474-1A3956D46DE8}") = "BM.Application", "BM.Application", "{229142E7-E7D5-4059-9D23-35270B3073E5}"
EndProject
Project("{9A19103F-16F7-4668-BE54-9A1E7A4F7556}") = "BlogManagement.Application.Contracts", "BlogManagement.Application.Contracts\BlogManagement.Application.Contracts.csproj", "{A6875173-731D-4F82-B653-904B7B225DCF}"
EndProject
Project("{9A19103F-16F7-4668-BE54-9A1E7A4F7556}") = "BlogManagement.Application", "BlogManagement.Application\BlogManagement.Application.csproj", "{4984A459-592F-4D23-A2C5-68977937D4CC}"
EndProject
Project("{2150E333-8FDC-42A3-9474-1A3956D46DE8}") = "BM.Infrastructure", "BM.Infrastructure", "{C983F43B-A1E1-4D12-8EF4-560768CAFE02}"
EndProject
Project("{9A19103F-16F7-4668-BE54-9A1E7A4F7556}") = "BlogManagement.Infrastructure.EFCore", "BlogManagement.Infrastructure.EFCore\BlogManagement.Infrastructure.EFCore.csproj", "{2DBF68A8-3055-4457-B963-926A6FE1F81A}"
EndProject
Project("{9A19103F-16F7-4668-BE54-9A1E7A4F7556}") = "BlogManagement.Infrastructure.Configuration", "BlogManagement.Infrastructure.Configuration\BlogManagement.Infrastructure.Configuration.csproj", "{550468BE-2B2B-4083-8877-6EC061BE0A9B}"
EndProject
Project("{9A19103F-16F7-4668-BE54-9A1E7A4F7556}") = "01_BlogQuery", "01_BlogQuery\01_BlogQuery.csproj", "{917069B7-6A34-4869-8BA0-0455C93A2C00}"
EndProject
Project("{2150E333-8FDC-42A3-9474-1A3956D46DE8}") = "CommentManagement", "CommentManagement", "{1721C615-5200-4973-A857-5875F1740752}"
EndProject
Project("{2150E333-8FDC-42A3-9474-1A3956D46DE8}") = "CM.Domain", "CM.Domain", "{8CECBE81-0966-4E32-BE21-1A60D70F44D8}"
EndProject
Project("{FAE04EC0-301F-11D3-BF4B-00C04F79EFBC}") = "CommentManagement.Domain", "CommentManagement.Domain\CommentManagement.Domain.csproj", "{7387E5DF-8532-4901-BD58-9D6D349F0DEC}"
EndProject
Project("{2150E333-8FDC-42A3-9474-1A3956D46DE8}") = "CM.Application", "CM.Application", "{B4E91DAB-C6B1-475B-B10D-83187DB7258E}"
EndProject
Project("{FAE04EC0-301F-11D3-BF4B-00C04F79EFBC}") = "CommentManagement.Application.Contracts", "CommentManagement.Application.Contracts\CommentManagement.Application.Contracts.csproj", "{3C55C834-2463-4C96-9F51-2F9E09287A85}"
EndProject
Project("{FAE04EC0-301F-11D3-BF4B-00C04F79EFBC}") = "CommentManagement.Application", "CommentManagement.Application\CommentManagement.Application.csproj", "{0EBF302C-D1FD-480F-A3C6-789AD0C96BFC}"
EndProject
Project("{2150E333-8FDC-42A3-9474-1A3956D46DE8}") = "CM.Infrastructure", "CM.Infrastructure", "{144E9BDC-2448-46E9-9F30-6A7BBC0161B8}"
EndProject
Project("{FAE04EC0-301F-11D3-BF4B-00C04F79EFBC}") = "CommentManagement.Infrastructure.EFCore", "CommentManagement.Infrastructure.EFCore\CommentManagement.Infrastructure.EFCore.csproj", "{A2B06A9C-25D3-40A1-8B26-974392754F1D}"
EndProject
Project("{FAE04EC0-301F-11D3-BF4B-00C04F79EFBC}") = "CommentManagement.Infrastructure.Configuration", "CommentManagement.Infrastructure.Configuration\CommentManagement.Infrastructure.Configuration.csproj", "{A1F240A3-E6CF-456F-B32A-44854B66338A}"
EndProject
Global
	GlobalSection(SolutionConfigurationPlatforms) = preSolution
		Debug|Any CPU = Debug|Any CPU
		Release|Any CPU = Release|Any CPU
	EndGlobalSection
	GlobalSection(ProjectConfigurationPlatforms) = postSolution
		{6F827B17-96BC-4888-849A-ADD999BAF083}.Debug|Any CPU.ActiveCfg = Debug|Any CPU
		{6F827B17-96BC-4888-849A-ADD999BAF083}.Debug|Any CPU.Build.0 = Debug|Any CPU
		{6F827B17-96BC-4888-849A-ADD999BAF083}.Release|Any CPU.ActiveCfg = Release|Any CPU
		{6F827B17-96BC-4888-849A-ADD999BAF083}.Release|Any CPU.Build.0 = Release|Any CPU
		{C0DDE3C1-049E-404C-8E72-327A8E237BF0}.Debug|Any CPU.ActiveCfg = Debug|Any CPU
		{C0DDE3C1-049E-404C-8E72-327A8E237BF0}.Debug|Any CPU.Build.0 = Debug|Any CPU
		{C0DDE3C1-049E-404C-8E72-327A8E237BF0}.Release|Any CPU.ActiveCfg = Release|Any CPU
		{C0DDE3C1-049E-404C-8E72-327A8E237BF0}.Release|Any CPU.Build.0 = Release|Any CPU
		{44CC2187-40B8-4141-B1EA-E01FAAD0D050}.Debug|Any CPU.ActiveCfg = Debug|Any CPU
		{44CC2187-40B8-4141-B1EA-E01FAAD0D050}.Debug|Any CPU.Build.0 = Debug|Any CPU
		{44CC2187-40B8-4141-B1EA-E01FAAD0D050}.Release|Any CPU.ActiveCfg = Release|Any CPU
		{44CC2187-40B8-4141-B1EA-E01FAAD0D050}.Release|Any CPU.Build.0 = Release|Any CPU
		{A6875173-731D-4F82-B653-904B7B225DCF}.Debug|Any CPU.ActiveCfg = Debug|Any CPU
		{A6875173-731D-4F82-B653-904B7B225DCF}.Debug|Any CPU.Build.0 = Debug|Any CPU
		{A6875173-731D-4F82-B653-904B7B225DCF}.Release|Any CPU.ActiveCfg = Release|Any CPU
		{A6875173-731D-4F82-B653-904B7B225DCF}.Release|Any CPU.Build.0 = Release|Any CPU
		{4984A459-592F-4D23-A2C5-68977937D4CC}.Debug|Any CPU.ActiveCfg = Debug|Any CPU
		{4984A459-592F-4D23-A2C5-68977937D4CC}.Debug|Any CPU.Build.0 = Debug|Any CPU
		{4984A459-592F-4D23-A2C5-68977937D4CC}.Release|Any CPU.ActiveCfg = Release|Any CPU
		{4984A459-592F-4D23-A2C5-68977937D4CC}.Release|Any CPU.Build.0 = Release|Any CPU
		{2DBF68A8-3055-4457-B963-926A6FE1F81A}.Debug|Any CPU.ActiveCfg = Debug|Any CPU
		{2DBF68A8-3055-4457-B963-926A6FE1F81A}.Debug|Any CPU.Build.0 = Debug|Any CPU
		{2DBF68A8-3055-4457-B963-926A6FE1F81A}.Release|Any CPU.ActiveCfg = Release|Any CPU
		{2DBF68A8-3055-4457-B963-926A6FE1F81A}.Release|Any CPU.Build.0 = Release|Any CPU
		{550468BE-2B2B-4083-8877-6EC061BE0A9B}.Debug|Any CPU.ActiveCfg = Debug|Any CPU
		{550468BE-2B2B-4083-8877-6EC061BE0A9B}.Debug|Any CPU.Build.0 = Debug|Any CPU
		{550468BE-2B2B-4083-8877-6EC061BE0A9B}.Release|Any CPU.ActiveCfg = Release|Any CPU
		{550468BE-2B2B-4083-8877-6EC061BE0A9B}.Release|Any CPU.Build.0 = Release|Any CPU
		{917069B7-6A34-4869-8BA0-0455C93A2C00}.Debug|Any CPU.ActiveCfg = Debug|Any CPU
		{917069B7-6A34-4869-8BA0-0455C93A2C00}.Debug|Any CPU.Build.0 = Debug|Any CPU
		{917069B7-6A34-4869-8BA0-0455C93A2C00}.Release|Any CPU.ActiveCfg = Release|Any CPU
		{917069B7-6A34-4869-8BA0-0455C93A2C00}.Release|Any CPU.Build.0 = Release|Any CPU
		{7387E5DF-8532-4901-BD58-9D6D349F0DEC}.Debug|Any CPU.ActiveCfg = Debug|Any CPU
		{7387E5DF-8532-4901-BD58-9D6D349F0DEC}.Debug|Any CPU.Build.0 = Debug|Any CPU
		{7387E5DF-8532-4901-BD58-9D6D349F0DEC}.Release|Any CPU.ActiveCfg = Release|Any CPU
		{7387E5DF-8532-4901-BD58-9D6D349F0DEC}.Release|Any CPU.Build.0 = Release|Any CPU
		{3C55C834-2463-4C96-9F51-2F9E09287A85}.Debug|Any CPU.ActiveCfg = Debug|Any CPU
		{3C55C834-2463-4C96-9F51-2F9E09287A85}.Debug|Any CPU.Build.0 = Debug|Any CPU
		{3C55C834-2463-4C96-9F51-2F9E09287A85}.Release|Any CPU.ActiveCfg = Release|Any CPU
		{3C55C834-2463-4C96-9F51-2F9E09287A85}.Release|Any CPU.Build.0 = Release|Any CPU
		{0EBF302C-D1FD-480F-A3C6-789AD0C96BFC}.Debug|Any CPU.ActiveCfg = Debug|Any CPU
		{0EBF302C-D1FD-480F-A3C6-789AD0C96BFC}.Debug|Any CPU.Build.0 = Debug|Any CPU
		{0EBF302C-D1FD-480F-A3C6-789AD0C96BFC}.Release|Any CPU.ActiveCfg = Release|Any CPU
		{0EBF302C-D1FD-480F-A3C6-789AD0C96BFC}.Release|Any CPU.Build.0 = Release|Any CPU
		{A2B06A9C-25D3-40A1-8B26-974392754F1D}.Debug|Any CPU.ActiveCfg = Debug|Any CPU
		{A2B06A9C-25D3-40A1-8B26-974392754F1D}.Debug|Any CPU.Build.0 = Debug|Any CPU
		{A2B06A9C-25D3-40A1-8B26-974392754F1D}.Release|Any CPU.ActiveCfg = Release|Any CPU
		{A2B06A9C-25D3-40A1-8B26-974392754F1D}.Release|Any CPU.Build.0 = Release|Any CPU
		{A1F240A3-E6CF-456F-B32A-44854B66338A}.Debug|Any CPU.ActiveCfg = Debug|Any CPU
		{A1F240A3-E6CF-456F-B32A-44854B66338A}.Debug|Any CPU.Build.0 = Debug|Any CPU
		{A1F240A3-E6CF-456F-B32A-44854B66338A}.Release|Any CPU.ActiveCfg = Release|Any CPU
		{A1F240A3-E6CF-456F-B32A-44854B66338A}.Release|Any CPU.Build.0 = Release|Any CPU
	EndGlobalSection
	GlobalSection(SolutionProperties) = preSolution
		HideSolutionNode = FALSE
	EndGlobalSection
	GlobalSection(NestedProjects) = preSolution
		{B0E82897-AE50-49FE-9D41-D924F967BB4C} = {E4426889-2BAD-42BB-9EE8-B983C9303EB8}
		{44CC2187-40B8-4141-B1EA-E01FAAD0D050} = {B0E82897-AE50-49FE-9D41-D924F967BB4C}
		{229142E7-E7D5-4059-9D23-35270B3073E5} = {E4426889-2BAD-42BB-9EE8-B983C9303EB8}
		{A6875173-731D-4F82-B653-904B7B225DCF} = {229142E7-E7D5-4059-9D23-35270B3073E5}
		{4984A459-592F-4D23-A2C5-68977937D4CC} = {229142E7-E7D5-4059-9D23-35270B3073E5}
		{C983F43B-A1E1-4D12-8EF4-560768CAFE02} = {E4426889-2BAD-42BB-9EE8-B983C9303EB8}
		{2DBF68A8-3055-4457-B963-926A6FE1F81A} = {C983F43B-A1E1-4D12-8EF4-560768CAFE02}
		{550468BE-2B2B-4083-8877-6EC061BE0A9B} = {C983F43B-A1E1-4D12-8EF4-560768CAFE02}
		{8CECBE81-0966-4E32-BE21-1A60D70F44D8} = {1721C615-5200-4973-A857-5875F1740752}
		{7387E5DF-8532-4901-BD58-9D6D349F0DEC} = {8CECBE81-0966-4E32-BE21-1A60D70F44D8}
		{B4E91DAB-C6B1-475B-B10D-83187DB7258E} = {1721C615-5200-4973-A857-5875F1740752}
		{3C55C834-2463-4C96-9F51-2F9E09287A85} = {B4E91DAB-C6B1-475B-B10D-83187DB7258E}
		{0EBF302C-D1FD-480F-A3C6-789AD0C96BFC} = {B4E91DAB-C6B1-475B-B10D-83187DB7258E}
		{144E9BDC-2448-46E9-9F30-6A7BBC0161B8} = {1721C615-5200-4973-A857-5875F1740752}
		{A2B06A9C-25D3-40A1-8B26-974392754F1D} = {144E9BDC-2448-46E9-9F30-6A7BBC0161B8}
		{A1F240A3-E6CF-456F-B32A-44854B66338A} = {144E9BDC-2448-46E9-9F30-6A7BBC0161B8}
	EndGlobalSection
	GlobalSection(ExtensibilityGlobals) = postSolution
		SolutionGuid = {124DEFB1-D758-4743-AF6C-13CC04A69394}
	EndGlobalSection
EndGlobal
